
Microsoft Visual Studio Solution File, Format Version 12.00
# Visual Studio 15
VisualStudioVersion = 15.0.27130.2003
MinimumVisualStudioVersion = 10.0.40219.1
Project("{2150E333-8FDC-42A3-9474-1A3956D46DE8}") = "src", "src", "{AA181BEE-B5E0-4D40-89BE-AC9813EBF565}"
EndProject
Project("{2150E333-8FDC-42A3-9474-1A3956D46DE8}") = "Solution Items", "Solution Items", "{A0A921B7-99D0-48DB-B062-ABBF7DA4B3D0}"
	ProjectSection(SolutionItems) = preProject
		.gitignore = .gitignore
		Analyzers.props = Analyzers.props
		Discord.Addons.Rules.ruleset = Discord.Addons.Rules.ruleset
		DiscordAddonsCore.props = DiscordAddonsCore.props
		LICENSE = LICENSE
		README.md = README.md
	EndProjectSection
EndProject
Project("{FAE04EC0-301F-11D3-BF4B-00C04F79EFBC}") = "Examples", "Examples\Examples.csproj", "{6C287B68-0E5C-495B-AEFA-7C69DBA6806D}"
EndProject
Project("{9A19103F-16F7-4668-BE54-9A1E7A4F7556}") = "Discord.Addons.MpGame", "src\Discord.Addons.MpGame\Discord.Addons.MpGame.csproj", "{8D56D8A0-CF10-42E8-866F-0A4C5202C74E}"
EndProject
Project("{9A19103F-16F7-4668-BE54-9A1E7A4F7556}") = "Discord.Addons.Preconditions", "src\Discord.Addons.Preconditions\Discord.Addons.Preconditions.csproj", "{784DE112-3198-4AC9-BB82-928863308D5B}"
EndProject
Project("{9A19103F-16F7-4668-BE54-9A1E7A4F7556}") = "Discord.Addons.SimplePermissions", "src\Discord.Addons.SimplePermissions\Discord.Addons.SimplePermissions.csproj", "{386A9624-8532-4836-8D16-E8F8088AC76C}"
EndProject
Project("{9A19103F-16F7-4668-BE54-9A1E7A4F7556}") = "Discord.Addons.SimplePermissions.EFProvider", "src\Discord.Addons.SimplePermissions.EFProvider\Discord.Addons.SimplePermissions.EFProvider.csproj", "{FCDC408C-04BB-4531-80F2-C3B59233B9E6}"
EndProject
Project("{9A19103F-16F7-4668-BE54-9A1E7A4F7556}") = "Discord.Addons.SimplePermissions.JsonProvider", "src\Discord.Addons.SimplePermissions.JsonProvider\Discord.Addons.SimplePermissions.JsonProvider.csproj", "{0FEFE4E7-8F66-4CEB-A61A-9D931FC3DE58}"
EndProject
Project("{9A19103F-16F7-4668-BE54-9A1E7A4F7556}") = "Discord.Addons.Trivia", "src\Discord.Addons.Trivia\Discord.Addons.Trivia.csproj", "{276B1FCC-7B09-49AE-9718-54671321A76A}"
EndProject
Project("{9A19103F-16F7-4668-BE54-9A1E7A4F7556}") = "Discord.Addons.SimpleAudio", "src\Discord.Addons.SimpleAudio\Discord.Addons.SimpleAudio.csproj", "{F30CDA2E-E75B-46E3-9F22-499E77A539EA}"
EndProject
Project("{D954291E-2A0B-460D-934E-DC6B0785DB48}") = "Discord.Addons.Core", "src\Discord.Addons.Core\Discord.Addons.Core.shproj", "{5B64B425-B901-4249-A189-ACC033579086}"
EndProject
Project("{2150E333-8FDC-42A3-9474-1A3956D46DE8}") = "test", "test", "{921351A4-A85E-4D4B-AE23-3955C39A5D27}"
EndProject
Global
	GlobalSection(SharedMSBuildProjectFiles) = preSolution
		src\Discord.Addons.Core\Discord.Addons.Core.projitems*{5b64b425-b901-4249-a189-acc033579086}*SharedItemsImports = 13
	EndGlobalSection
	GlobalSection(SolutionConfigurationPlatforms) = preSolution
		Debug|Any CPU = Debug|Any CPU
		Debug|x64 = Debug|x64
		Debug|x86 = Debug|x86
		Release|Any CPU = Release|Any CPU
		Release|x64 = Release|x64
		Release|x86 = Release|x86
	EndGlobalSection
	GlobalSection(ProjectConfigurationPlatforms) = postSolution
		{6C287B68-0E5C-495B-AEFA-7C69DBA6806D}.Debug|Any CPU.ActiveCfg = Debug|Any CPU
		{6C287B68-0E5C-495B-AEFA-7C69DBA6806D}.Debug|Any CPU.Build.0 = Debug|Any CPU
		{6C287B68-0E5C-495B-AEFA-7C69DBA6806D}.Debug|x64.ActiveCfg = Debug|Any CPU
		{6C287B68-0E5C-495B-AEFA-7C69DBA6806D}.Debug|x64.Build.0 = Debug|Any CPU
		{6C287B68-0E5C-495B-AEFA-7C69DBA6806D}.Debug|x86.ActiveCfg = Debug|Any CPU
		{6C287B68-0E5C-495B-AEFA-7C69DBA6806D}.Debug|x86.Build.0 = Debug|Any CPU
		{6C287B68-0E5C-495B-AEFA-7C69DBA6806D}.Release|Any CPU.ActiveCfg = Release|Any CPU
		{6C287B68-0E5C-495B-AEFA-7C69DBA6806D}.Release|Any CPU.Build.0 = Release|Any CPU
		{6C287B68-0E5C-495B-AEFA-7C69DBA6806D}.Release|x64.ActiveCfg = Release|Any CPU
		{6C287B68-0E5C-495B-AEFA-7C69DBA6806D}.Release|x64.Build.0 = Release|Any CPU
		{6C287B68-0E5C-495B-AEFA-7C69DBA6806D}.Release|x86.ActiveCfg = Release|Any CPU
		{6C287B68-0E5C-495B-AEFA-7C69DBA6806D}.Release|x86.Build.0 = Release|Any CPU
		{8D56D8A0-CF10-42E8-866F-0A4C5202C74E}.Debug|Any CPU.ActiveCfg = Debug|Any CPU
		{8D56D8A0-CF10-42E8-866F-0A4C5202C74E}.Debug|Any CPU.Build.0 = Debug|Any CPU
		{8D56D8A0-CF10-42E8-866F-0A4C5202C74E}.Debug|x64.ActiveCfg = Debug|Any CPU
		{8D56D8A0-CF10-42E8-866F-0A4C5202C74E}.Debug|x64.Build.0 = Debug|Any CPU
		{8D56D8A0-CF10-42E8-866F-0A4C5202C74E}.Debug|x86.ActiveCfg = Debug|Any CPU
		{8D56D8A0-CF10-42E8-866F-0A4C5202C74E}.Debug|x86.Build.0 = Debug|Any CPU
		{8D56D8A0-CF10-42E8-866F-0A4C5202C74E}.Release|Any CPU.ActiveCfg = Release|Any CPU
		{8D56D8A0-CF10-42E8-866F-0A4C5202C74E}.Release|Any CPU.Build.0 = Release|Any CPU
		{8D56D8A0-CF10-42E8-866F-0A4C5202C74E}.Release|x64.ActiveCfg = Release|Any CPU
		{8D56D8A0-CF10-42E8-866F-0A4C5202C74E}.Release|x64.Build.0 = Release|Any CPU
		{8D56D8A0-CF10-42E8-866F-0A4C5202C74E}.Release|x86.ActiveCfg = Release|Any CPU
		{8D56D8A0-CF10-42E8-866F-0A4C5202C74E}.Release|x86.Build.0 = Release|Any CPU
		{784DE112-3198-4AC9-BB82-928863308D5B}.Debug|Any CPU.ActiveCfg = Debug|Any CPU
		{784DE112-3198-4AC9-BB82-928863308D5B}.Debug|Any CPU.Build.0 = Debug|Any CPU
		{784DE112-3198-4AC9-BB82-928863308D5B}.Debug|x64.ActiveCfg = Debug|Any CPU
		{784DE112-3198-4AC9-BB82-928863308D5B}.Debug|x64.Build.0 = Debug|Any CPU
		{784DE112-3198-4AC9-BB82-928863308D5B}.Debug|x86.ActiveCfg = Debug|Any CPU
		{784DE112-3198-4AC9-BB82-928863308D5B}.Debug|x86.Build.0 = Debug|Any CPU
		{784DE112-3198-4AC9-BB82-928863308D5B}.Release|Any CPU.ActiveCfg = Release|Any CPU
		{784DE112-3198-4AC9-BB82-928863308D5B}.Release|Any CPU.Build.0 = Release|Any CPU
		{784DE112-3198-4AC9-BB82-928863308D5B}.Release|x64.ActiveCfg = Release|Any CPU
		{784DE112-3198-4AC9-BB82-928863308D5B}.Release|x64.Build.0 = Release|Any CPU
		{784DE112-3198-4AC9-BB82-928863308D5B}.Release|x86.ActiveCfg = Release|Any CPU
		{784DE112-3198-4AC9-BB82-928863308D5B}.Release|x86.Build.0 = Release|Any CPU
		{386A9624-8532-4836-8D16-E8F8088AC76C}.Debug|Any CPU.ActiveCfg = Debug|Any CPU
		{386A9624-8532-4836-8D16-E8F8088AC76C}.Debug|Any CPU.Build.0 = Debug|Any CPU
		{386A9624-8532-4836-8D16-E8F8088AC76C}.Debug|x64.ActiveCfg = Debug|Any CPU
		{386A9624-8532-4836-8D16-E8F8088AC76C}.Debug|x64.Build.0 = Debug|Any CPU
		{386A9624-8532-4836-8D16-E8F8088AC76C}.Debug|x86.ActiveCfg = Debug|Any CPU
		{386A9624-8532-4836-8D16-E8F8088AC76C}.Debug|x86.Build.0 = Debug|Any CPU
		{386A9624-8532-4836-8D16-E8F8088AC76C}.Release|Any CPU.ActiveCfg = Release|Any CPU
		{386A9624-8532-4836-8D16-E8F8088AC76C}.Release|Any CPU.Build.0 = Release|Any CPU
		{386A9624-8532-4836-8D16-E8F8088AC76C}.Release|x64.ActiveCfg = Release|Any CPU
		{386A9624-8532-4836-8D16-E8F8088AC76C}.Release|x64.Build.0 = Release|Any CPU
		{386A9624-8532-4836-8D16-E8F8088AC76C}.Release|x86.ActiveCfg = Release|Any CPU
		{386A9624-8532-4836-8D16-E8F8088AC76C}.Release|x86.Build.0 = Release|Any CPU
		{FCDC408C-04BB-4531-80F2-C3B59233B9E6}.Debug|Any CPU.ActiveCfg = Debug|Any CPU
		{FCDC408C-04BB-4531-80F2-C3B59233B9E6}.Debug|Any CPU.Build.0 = Debug|Any CPU
		{FCDC408C-04BB-4531-80F2-C3B59233B9E6}.Debug|x64.ActiveCfg = Debug|Any CPU
		{FCDC408C-04BB-4531-80F2-C3B59233B9E6}.Debug|x64.Build.0 = Debug|Any CPU
		{FCDC408C-04BB-4531-80F2-C3B59233B9E6}.Debug|x86.ActiveCfg = Debug|Any CPU
		{FCDC408C-04BB-4531-80F2-C3B59233B9E6}.Debug|x86.Build.0 = Debug|Any CPU
		{FCDC408C-04BB-4531-80F2-C3B59233B9E6}.Release|Any CPU.ActiveCfg = Release|Any CPU
		{FCDC408C-04BB-4531-80F2-C3B59233B9E6}.Release|Any CPU.Build.0 = Release|Any CPU
		{FCDC408C-04BB-4531-80F2-C3B59233B9E6}.Release|x64.ActiveCfg = Release|Any CPU
		{FCDC408C-04BB-4531-80F2-C3B59233B9E6}.Release|x64.Build.0 = Release|Any CPU
		{FCDC408C-04BB-4531-80F2-C3B59233B9E6}.Release|x86.ActiveCfg = Release|Any CPU
		{FCDC408C-04BB-4531-80F2-C3B59233B9E6}.Release|x86.Build.0 = Release|Any CPU
		{0FEFE4E7-8F66-4CEB-A61A-9D931FC3DE58}.Debug|Any CPU.ActiveCfg = Debug|Any CPU
		{0FEFE4E7-8F66-4CEB-A61A-9D931FC3DE58}.Debug|Any CPU.Build.0 = Debug|Any CPU
		{0FEFE4E7-8F66-4CEB-A61A-9D931FC3DE58}.Debug|x64.ActiveCfg = Debug|Any CPU
		{0FEFE4E7-8F66-4CEB-A61A-9D931FC3DE58}.Debug|x64.Build.0 = Debug|Any CPU
		{0FEFE4E7-8F66-4CEB-A61A-9D931FC3DE58}.Debug|x86.ActiveCfg = Debug|Any CPU
		{0FEFE4E7-8F66-4CEB-A61A-9D931FC3DE58}.Debug|x86.Build.0 = Debug|Any CPU
		{0FEFE4E7-8F66-4CEB-A61A-9D931FC3DE58}.Release|Any CPU.ActiveCfg = Release|Any CPU
		{0FEFE4E7-8F66-4CEB-A61A-9D931FC3DE58}.Release|Any CPU.Build.0 = Release|Any CPU
		{0FEFE4E7-8F66-4CEB-A61A-9D931FC3DE58}.Release|x64.ActiveCfg = Release|Any CPU
		{0FEFE4E7-8F66-4CEB-A61A-9D931FC3DE58}.Release|x64.Build.0 = Release|Any CPU
		{0FEFE4E7-8F66-4CEB-A61A-9D931FC3DE58}.Release|x86.ActiveCfg = Release|Any CPU
		{0FEFE4E7-8F66-4CEB-A61A-9D931FC3DE58}.Release|x86.Build.0 = Release|Any CPU
		{276B1FCC-7B09-49AE-9718-54671321A76A}.Debug|Any CPU.ActiveCfg = Debug|Any CPU
		{276B1FCC-7B09-49AE-9718-54671321A76A}.Debug|Any CPU.Build.0 = Debug|Any CPU
		{276B1FCC-7B09-49AE-9718-54671321A76A}.Debug|x64.ActiveCfg = Debug|Any CPU
		{276B1FCC-7B09-49AE-9718-54671321A76A}.Debug|x64.Build.0 = Debug|Any CPU
		{276B1FCC-7B09-49AE-9718-54671321A76A}.Debug|x86.ActiveCfg = Debug|Any CPU
		{276B1FCC-7B09-49AE-9718-54671321A76A}.Debug|x86.Build.0 = Debug|Any CPU
		{276B1FCC-7B09-49AE-9718-54671321A76A}.Release|Any CPU.ActiveCfg = Release|Any CPU
		{276B1FCC-7B09-49AE-9718-54671321A76A}.Release|Any CPU.Build.0 = Release|Any CPU
		{276B1FCC-7B09-49AE-9718-54671321A76A}.Release|x64.ActiveCfg = Release|Any CPU
		{276B1FCC-7B09-49AE-9718-54671321A76A}.Release|x64.Build.0 = Release|Any CPU
		{276B1FCC-7B09-49AE-9718-54671321A76A}.Release|x86.ActiveCfg = Release|Any CPU
		{276B1FCC-7B09-49AE-9718-54671321A76A}.Release|x86.Build.0 = Release|Any CPU
		{F30CDA2E-E75B-46E3-9F22-499E77A539EA}.Debug|Any CPU.ActiveCfg = Debug|Any CPU
		{F30CDA2E-E75B-46E3-9F22-499E77A539EA}.Debug|Any CPU.Build.0 = Debug|Any CPU
		{F30CDA2E-E75B-46E3-9F22-499E77A539EA}.Debug|x64.ActiveCfg = Debug|Any CPU
		{F30CDA2E-E75B-46E3-9F22-499E77A539EA}.Debug|x64.Build.0 = Debug|Any CPU
		{F30CDA2E-E75B-46E3-9F22-499E77A539EA}.Debug|x86.ActiveCfg = Debug|Any CPU
		{F30CDA2E-E75B-46E3-9F22-499E77A539EA}.Debug|x86.Build.0 = Debug|Any CPU
		{F30CDA2E-E75B-46E3-9F22-499E77A539EA}.Release|Any CPU.ActiveCfg = Release|Any CPU
		{F30CDA2E-E75B-46E3-9F22-499E77A539EA}.Release|Any CPU.Build.0 = Release|Any CPU
		{F30CDA2E-E75B-46E3-9F22-499E77A539EA}.Release|x64.ActiveCfg = Release|Any CPU
		{F30CDA2E-E75B-46E3-9F22-499E77A539EA}.Release|x64.Build.0 = Release|Any CPU
		{F30CDA2E-E75B-46E3-9F22-499E77A539EA}.Release|x86.ActiveCfg = Release|Any CPU
		{F30CDA2E-E75B-46E3-9F22-499E77A539EA}.Release|x86.Build.0 = Release|Any CPU
	EndGlobalSection
	GlobalSection(SolutionProperties) = preSolution
		HideSolutionNode = FALSE
	EndGlobalSection
	GlobalSection(NestedProjects) = preSolution
		{8D56D8A0-CF10-42E8-866F-0A4C5202C74E} = {AA181BEE-B5E0-4D40-89BE-AC9813EBF565}
		{784DE112-3198-4AC9-BB82-928863308D5B} = {AA181BEE-B5E0-4D40-89BE-AC9813EBF565}
		{386A9624-8532-4836-8D16-E8F8088AC76C} = {AA181BEE-B5E0-4D40-89BE-AC9813EBF565}
		{FCDC408C-04BB-4531-80F2-C3B59233B9E6} = {AA181BEE-B5E0-4D40-89BE-AC9813EBF565}
		{0FEFE4E7-8F66-4CEB-A61A-9D931FC3DE58} = {AA181BEE-B5E0-4D40-89BE-AC9813EBF565}
		{276B1FCC-7B09-49AE-9718-54671321A76A} = {AA181BEE-B5E0-4D40-89BE-AC9813EBF565}
		{F30CDA2E-E75B-46E3-9F22-499E77A539EA} = {AA181BEE-B5E0-4D40-89BE-AC9813EBF565}
		{5B64B425-B901-4249-A189-ACC033579086} = {AA181BEE-B5E0-4D40-89BE-AC9813EBF565}
	EndGlobalSection
	GlobalSection(ExtensibilityGlobals) = postSolution
		SolutionGuid = {AE9C410D-10B8-46E6-88D5-1B5122023946}
	EndGlobalSection
EndGlobal
