
Microsoft Visual Studio Solution File, Format Version 12.00
# Visual Studio 14
VisualStudioVersion = 14.0.25420.1
MinimumVisualStudioVersion = 10.0.40219.1
Project("{2150E333-8FDC-42A3-9474-1A3956D46DE8}") = "src", "src", "{07737DD4-1366-42AA-8942-253538B98254}"
EndProject
Project("{8BB2217D-0F2D-49D1-97BC-3654ED321F3B}") = "Discord.Addons.MpGame", "src\Discord.Addons.MpGame\Discord.Addons.MpGame.xproj", "{C871B626-E2A0-43AD-A281-C8C310FFA6DC}"
EndProject
Project("{2150E333-8FDC-42A3-9474-1A3956D46DE8}") = "Solution Items", "Solution Items", "{56F72F3F-E637-4916-85BF-890900CF43D7}"
	ProjectSection(SolutionItems) = preProject
		.gitignore = .gitignore
		LICENSE = LICENSE
		README.md = README.md
	EndProjectSection
EndProject
Global
	GlobalSection(SolutionConfigurationPlatforms) = preSolution
		Debug|Any CPU = Debug|Any CPU
		Release|Any CPU = Release|Any CPU
	EndGlobalSection
	GlobalSection(ProjectConfigurationPlatforms) = postSolution
		{C871B626-E2A0-43AD-A281-C8C310FFA6DC}.Debug|Any CPU.ActiveCfg = Debug|Any CPU
		{C871B626-E2A0-43AD-A281-C8C310FFA6DC}.Debug|Any CPU.Build.0 = Debug|Any CPU
		{C871B626-E2A0-43AD-A281-C8C310FFA6DC}.Release|Any CPU.ActiveCfg = Release|Any CPU
		{C871B626-E2A0-43AD-A281-C8C310FFA6DC}.Release|Any CPU.Build.0 = Release|Any CPU
	EndGlobalSection
	GlobalSection(SolutionProperties) = preSolution
		HideSolutionNode = FALSE
	EndGlobalSection
	GlobalSection(NestedProjects) = preSolution
		{C871B626-E2A0-43AD-A281-C8C310FFA6DC} = {07737DD4-1366-42AA-8942-253538B98254}
	EndGlobalSection
EndGlobal
